github.com/antlr/antlr4 v0.0.0-20200309161749-1284814c2112 h1:7NI4dc3NNTe5UyN+4UAmuMKrfR7PsuBHbsjFh17zj8g=
github.com/antlr/antlr4 v0.0.0-20200309161749-1284814c2112/go.mod h1:T7PbCXFs94rrTttyxjbyT5+/1V8T2TYDejxUfHJjw1Y=
github.ibm.com/sysflow/sf-processor v0.0.0-20200401032541-3355ddc802fd h1:OgzObj9xDjfZ1NiqZOJ0Klo3DxD3uSIrBdMWcL9BWv4=
github.ibm.com/sysflow/sf-processor/common v0.0.0-20200401032541-3355ddc802fd h1:VZMCDBp7VCJraECOWc/guH1xzWotPXmjsYfqsdwWf/s=
github.ibm.com/sysflow/sf-processor/common v0.0.0-20200401032541-3355ddc802fd/go.mod h1:sVsO3YBv7XsiMrZOj2WbnCF3f9tA/+d93HVSidJ14mk=
