github.com/antlr/antlr4 v0.0.0-20200417160354-8c50731894e0 h1:j7MyDjg6pb7A2ziow17FDZ2Oj5vGnJsLyDmjpN4Jkcg=
github.com/antlr/antlr4 v0.0.0-20200417160354-8c50731894e0/go.mod h1:T7PbCXFs94rrTttyxjbyT5+/1V8T2TYDejxUfHJjw1Y=
github.com/davecgh/go-spew v1.1.0 h1:ZDRjVQ15GmhC3fiQ8ni8+OwkZQO4DARzQgrnXU1Liz8=
github.com/davecgh/go-spew v1.1.0/go.mod h1:J7Y8YcW2NihsgmVo/mv3lAwl/skON4iLHjSsI+c5H38=
github.com/pmezard/go-difflib v1.0.0 h1:4DBwDE0NGyQoBHbLQYPwSUPoCMWR5BEzIk/f1lZbAQM=
github.com/pmezard/go-difflib v1.0.0/go.mod h1:iKH77koFhYxTK1pcRnkKkqfTogsbg7gZNVY4sRDYZ/4=
github.com/stretchr/objx v0.1.0/go.mod h1:HFkY916IF+rwdDfMAkV7OtwuqBVzrE8GR6GFx+wExME=
github.com/stretchr/testify v1.5.1 h1:nOGnQDM7FYENwehXlg/kFVnos3rEvtKTjRvOWSzb6H4=
github.com/stretchr/testify v1.5.1/go.mod h1:5W2xD1RspED5o8YsWQXVCued0rvSQ+mT+I5cxcmMvtA=
github.com/sysflow-telemetry/sf-apis v0.0.0-20200316230117-c2ce7cfdefde h1:d9A5xlLwJfyrMyd4VSxaKRHup/H6hek1+hAmI7mbwb8=
github.ibm.com/sysflow/sf-processor v0.0.0-20200417191929-a92fcd82f392 h1:GKkKmQ/rJRklAXRjUbXhNrmio9BivvJuqBV6kT5zaEs=
github.ibm.com/sysflow/sf-processor/common v0.0.0-20200417191929-a92fcd82f392 h1:tcUnFjtqapROfLeGqJNzVXEZpJPPeWhoBeFzCro3yjQ=
github.ibm.com/sysflow/sf-processor/common v0.0.0-20200417191929-a92fcd82f392/go.mod h1:sVsO3YBv7XsiMrZOj2WbnCF3f9tA/+d93HVSidJ14mk=
gopkg.in/check.v1 v0.0.0-20161208181325-20d25e280405/go.mod h1:Co6ibVJAznAaIkqp8huTwlJQCZ016jof/cbN4VW5Yz0=
gopkg.in/yaml.v2 v2.2.2 h1:ZCJp+EgiOT7lHqUV2J862kp8Qj64Jo6az82+3Td9dZw=
gopkg.in/yaml.v2 v2.2.2/go.mod h1:hI93XBmqTisBFMUTm0b8Fm+jr3Dg1NNxqwp+5A1VGuI=
